
Microsoft Visual Studio Solution File, Format Version 12.00
# Visual Studio Version 16
VisualStudioVersion = 16.0.30014.187
MinimumVisualStudioVersion = 10.0.40219.1
Project("{9A19103F-16F7-4668-BE54-9A1E7A4F7556}") = "AuthSystem", "AuthSystem\AuthSystem.csproj", "{4BE9EB70-0C29-42CA-BEBC-167A9ADB5AAC}"
EndProject
Global
	GlobalSection(SolutionConfigurationPlatforms) = preSolution
		Debug|Any CPU = Debug|Any CPU
		Release|Any CPU = Release|Any CPU
	EndGlobalSection
	GlobalSection(ProjectConfigurationPlatforms) = postSolution
		{4BE9EB70-0C29-42CA-BEBC-167A9ADB5AAC}.Debug|Any CPU.ActiveCfg = Debug|Any CPU
		{4BE9EB70-0C29-42CA-BEBC-167A9ADB5AAC}.Debug|Any CPU.Build.0 = Debug|Any CPU
		{4BE9EB70-0C29-42CA-BEBC-167A9ADB5AAC}.Release|Any CPU.ActiveCfg = Release|Any CPU
		{4BE9EB70-0C29-42CA-BEBC-167A9ADB5AAC}.Release|Any CPU.Build.0 = Release|Any CPU
	EndGlobalSection
	GlobalSection(SolutionProperties) = preSolution
		HideSolutionNode = FALSE
	EndGlobalSection
	GlobalSection(ExtensibilityGlobals) = postSolution
		SolutionGuid = {74B03377-39A0-4226-A317-28C0DB72B53A}
	EndGlobalSection
EndGlobal
